
Microsoft Visual Studio Solution File, Format Version 12.00
# Visual Studio Version 17
VisualStudioVersion = 17.12.35707.178
MinimumVisualStudioVersion = 10.0.40219.1
Project("{FAE04EC0-301F-11D3-BF4B-00C04F79EFBC}") = "Tiptup300.Rnr.Tests", "Tiptup300.Rnr.Tests\Tiptup300.Rnr.Tests.csproj", "{E6DFD353-8B3D-4C0E-B97E-FFA0C7843069}"
EndProject
Project("{FAE04EC0-301F-11D3-BF4B-00C04F79EFBC}") = "Tiptup300.Rnr.ConsoleApplication", "Tiptup300.Rnr.ConsoleApplication\Tiptup300.Rnr.ConsoleApplication.csproj", "{695CA47E-893E-4BC2-BAB7-B34744AC2612}"
EndProject
Project("{2150E333-8FDC-42A3-9474-1A3956D46DE8}") = ".Workflows", ".Workflows", "{EDD12EAB-B607-41FE-891D-3481B9602571}"
	ProjectSection(SolutionItems) = preProject
		.github\workflows\ci-cd-workflow.yml = .github\workflows\ci-cd-workflow.yml
	EndProjectSection
EndProject
Project("{2150E333-8FDC-42A3-9474-1A3956D46DE8}") = ".Configurations", ".Configurations", "{F825C505-3EF0-4BCA-96D8-CBDD33A3E7DB}"
	ProjectSection(SolutionItems) = preProject
		.editorconfig = .editorconfig
	EndProjectSection
EndProject
Project("{FAE04EC0-301F-11D3-BF4B-00C04F79EFBC}") = "Tiptup300.Rnr", "Tiptup300.Rnr\Tiptup300.Rnr.csproj", "{9EAACC9E-DC67-458C-B4DF-B5340D1B427F}"
EndProject
Project("{2150E333-8FDC-42A3-9474-1A3956D46DE8}") = "Solution Items", "Solution Items", "{1C6EF622-D29C-47A1-99AF-15DA119EF4DB}"
	ProjectSection(SolutionItems) = preProject
		diagram.png = diagram.png
		README.md = README.md
	EndProjectSection
EndProject
Project("{FAE04EC0-301F-11D3-BF4B-00C04F79EFBC}") = "Tiptup300.Rnr.PowerShellScriptModule", "Tiptup300.Rnr.PowerShellScriptModule\Tiptup300.Rnr.PowerShellScriptModule.csproj", "{53A7B4E2-CE06-4C44-8503-456D77BF21F3}"
EndProject
Project("{FAE04EC0-301F-11D3-BF4B-00C04F79EFBC}") = "Tiptup300.System", "Tiptup300.System\Tiptup300.System.csproj", "{5A8AC859-32D3-4234-A30D-69B937786AD8}"
EndProject
Project("{FAE04EC0-301F-11D3-BF4B-00C04F79EFBC}") = "System.Tiptup300", "System.Tiptup300\System.Tiptup300.csproj", "{70E3C7B4-6CE2-45D7-AE2F-12DFFFB756B1}"
EndProject
Global
	GlobalSection(SolutionConfigurationPlatforms) = preSolution
		Debug|Any CPU = Debug|Any CPU
		Release|Any CPU = Release|Any CPU
	EndGlobalSection
	GlobalSection(ProjectConfigurationPlatforms) = postSolution
		{E6DFD353-8B3D-4C0E-B97E-FFA0C7843069}.Debug|Any CPU.ActiveCfg = Debug|Any CPU
		{E6DFD353-8B3D-4C0E-B97E-FFA0C7843069}.Debug|Any CPU.Build.0 = Debug|Any CPU
		{E6DFD353-8B3D-4C0E-B97E-FFA0C7843069}.Release|Any CPU.ActiveCfg = Release|Any CPU
		{E6DFD353-8B3D-4C0E-B97E-FFA0C7843069}.Release|Any CPU.Build.0 = Release|Any CPU
		{695CA47E-893E-4BC2-BAB7-B34744AC2612}.Debug|Any CPU.ActiveCfg = Debug|Any CPU
		{695CA47E-893E-4BC2-BAB7-B34744AC2612}.Debug|Any CPU.Build.0 = Debug|Any CPU
		{695CA47E-893E-4BC2-BAB7-B34744AC2612}.Release|Any CPU.ActiveCfg = Release|Any CPU
		{695CA47E-893E-4BC2-BAB7-B34744AC2612}.Release|Any CPU.Build.0 = Release|Any CPU
		{9EAACC9E-DC67-458C-B4DF-B5340D1B427F}.Debug|Any CPU.ActiveCfg = Debug|Any CPU
		{9EAACC9E-DC67-458C-B4DF-B5340D1B427F}.Debug|Any CPU.Build.0 = Debug|Any CPU
		{9EAACC9E-DC67-458C-B4DF-B5340D1B427F}.Release|Any CPU.ActiveCfg = Release|Any CPU
		{9EAACC9E-DC67-458C-B4DF-B5340D1B427F}.Release|Any CPU.Build.0 = Release|Any CPU
		{53A7B4E2-CE06-4C44-8503-456D77BF21F3}.Debug|Any CPU.ActiveCfg = Debug|Any CPU
		{53A7B4E2-CE06-4C44-8503-456D77BF21F3}.Debug|Any CPU.Build.0 = Debug|Any CPU
		{53A7B4E2-CE06-4C44-8503-456D77BF21F3}.Release|Any CPU.ActiveCfg = Release|Any CPU
		{53A7B4E2-CE06-4C44-8503-456D77BF21F3}.Release|Any CPU.Build.0 = Release|Any CPU
		{5A8AC859-32D3-4234-A30D-69B937786AD8}.Debug|Any CPU.ActiveCfg = Debug|Any CPU
		{5A8AC859-32D3-4234-A30D-69B937786AD8}.Debug|Any CPU.Build.0 = Debug|Any CPU
		{5A8AC859-32D3-4234-A30D-69B937786AD8}.Release|Any CPU.ActiveCfg = Release|Any CPU
		{5A8AC859-32D3-4234-A30D-69B937786AD8}.Release|Any CPU.Build.0 = Release|Any CPU
		{70E3C7B4-6CE2-45D7-AE2F-12DFFFB756B1}.Debug|Any CPU.ActiveCfg = Debug|Any CPU
		{70E3C7B4-6CE2-45D7-AE2F-12DFFFB756B1}.Debug|Any CPU.Build.0 = Debug|Any CPU
		{70E3C7B4-6CE2-45D7-AE2F-12DFFFB756B1}.Release|Any CPU.ActiveCfg = Release|Any CPU
		{70E3C7B4-6CE2-45D7-AE2F-12DFFFB756B1}.Release|Any CPU.Build.0 = Release|Any CPU
	EndGlobalSection
	GlobalSection(SolutionProperties) = preSolution
		HideSolutionNode = FALSE
	EndGlobalSection
	GlobalSection(ExtensibilityGlobals) = postSolution
		SolutionGuid = {1BABDD7A-C7B8-4D27-AD64-7B0FC3FF8D8F}
	EndGlobalSection
EndGlobal
